langcode: en
status: true
dependencies:
  module:
    - blellow_helper
  theme:
    - blellow
id: register_block
theme: blellow
region: site_top_bar
weight: 0
provider: null
plugin: cnect_register
settings:
  id: cnect_register
  label: 'Register block'
  provider: blellow_helper
  label_display: '0'
visibility: {  }