langcode: en
status: true
dependencies:
  module:
    - blellow_helper
  theme:
    - blellow
id: login_block
theme: blellow
region: site_top_bar
weight: 0
provider: null
plugin: cnect_login
settings:
  id: cnect_login
  label: 'Login block'
  provider: blellow_helper
  label_display: '0'
visibility: {  }
