langcode: en
status: true
dependencies:
  module:
    - oe_theme_helper
  theme:
    - blellow
id: login_block
theme: blellow
region: site_top_bar
weight: 0
provider: null
plugin: oe_login
settings:
  id: oe_login
  label: 'Login block'
  provider: oe_theme_helper
  label_display: '0'
visibility: {  }
